
Microsoft Visual Studio Solution File, Format Version 12.00
# Visual Studio 14
VisualStudioVersion = 14.0.25420.1
MinimumVisualStudioVersion = 10.0.40219.1
Project("{FAE04EC0-301F-11D3-BF4B-00C04F79EFBC}") = "Student", "Student\Student.csproj", "{EAA66C08-E281-4100-A84C-46B49EC4C5EA}"
EndProject
Project("{FAE04EC0-301F-11D3-BF4B-00C04F79EFBC}") = "CodeFirst Pizza", "CodeFirst Pizza\CodeFirst Pizza.csproj", "{056251C8-C8D3-4502-8B5A-22C4EA3AE2B4}"
EndProject
Global
	GlobalSection(SolutionConfigurationPlatforms) = preSolution
		Debug|Any CPU = Debug|Any CPU
		Release|Any CPU = Release|Any CPU
	EndGlobalSection
	GlobalSection(ProjectConfigurationPlatforms) = postSolution
		{EAA66C08-E281-4100-A84C-46B49EC4C5EA}.Debug|Any CPU.ActiveCfg = Debug|Any CPU
		{EAA66C08-E281-4100-A84C-46B49EC4C5EA}.Debug|Any CPU.Build.0 = Debug|Any CPU
		{EAA66C08-E281-4100-A84C-46B49EC4C5EA}.Release|Any CPU.ActiveCfg = Release|Any CPU
		{EAA66C08-E281-4100-A84C-46B49EC4C5EA}.Release|Any CPU.Build.0 = Release|Any CPU
		{056251C8-C8D3-4502-8B5A-22C4EA3AE2B4}.Debug|Any CPU.ActiveCfg = Debug|Any CPU
		{056251C8-C8D3-4502-8B5A-22C4EA3AE2B4}.Debug|Any CPU.Build.0 = Debug|Any CPU
		{056251C8-C8D3-4502-8B5A-22C4EA3AE2B4}.Release|Any CPU.ActiveCfg = Release|Any CPU
		{056251C8-C8D3-4502-8B5A-22C4EA3AE2B4}.Release|Any CPU.Build.0 = Release|Any CPU
	EndGlobalSection
	GlobalSection(SolutionProperties) = preSolution
		HideSolutionNode = FALSE
	EndGlobalSection
EndGlobal
