
Microsoft Visual Studio Solution File, Format Version 12.00
# Visual Studio 14
VisualStudioVersion = 14.0.25420.1
MinimumVisualStudioVersion = 10.0.40219.1
Project("{FAE04EC0-301F-11D3-BF4B-00C04F79EFBC}") = "NonGenericCollections", "NonGenericCollections\NonGenericCollections.csproj", "{DFC8DCC8-71D3-4127-B77F-F8CB5988E343}"
EndProject
Project("{FAE04EC0-301F-11D3-BF4B-00C04F79EFBC}") = "LambdaExample", "LambdaExample\LambdaExample.csproj", "{39531FF8-23F9-4483-8DE5-A1F58DB3E5DD}"
EndProject
Project("{FAE04EC0-301F-11D3-BF4B-00C04F79EFBC}") = "ExtensionExample", "ExtensionExample\ExtensionExample.csproj", "{EFB72962-D8E2-4ACF-9618-7EC96F184400}"
EndProject
Project("{FAE04EC0-301F-11D3-BF4B-00C04F79EFBC}") = "FileIO", "FileIO\FileIO.csproj", "{03F4D2FA-E56F-4162-8C2F-86E5465072B6}"
EndProject
Global
	GlobalSection(SolutionConfigurationPlatforms) = preSolution
		Debug|Any CPU = Debug|Any CPU
		Release|Any CPU = Release|Any CPU
	EndGlobalSection
	GlobalSection(ProjectConfigurationPlatforms) = postSolution
		{DFC8DCC8-71D3-4127-B77F-F8CB5988E343}.Debug|Any CPU.ActiveCfg = Debug|Any CPU
		{DFC8DCC8-71D3-4127-B77F-F8CB5988E343}.Debug|Any CPU.Build.0 = Debug|Any CPU
		{DFC8DCC8-71D3-4127-B77F-F8CB5988E343}.Release|Any CPU.ActiveCfg = Release|Any CPU
		{DFC8DCC8-71D3-4127-B77F-F8CB5988E343}.Release|Any CPU.Build.0 = Release|Any CPU
		{39531FF8-23F9-4483-8DE5-A1F58DB3E5DD}.Debug|Any CPU.ActiveCfg = Debug|Any CPU
		{39531FF8-23F9-4483-8DE5-A1F58DB3E5DD}.Debug|Any CPU.Build.0 = Debug|Any CPU
		{39531FF8-23F9-4483-8DE5-A1F58DB3E5DD}.Release|Any CPU.ActiveCfg = Release|Any CPU
		{39531FF8-23F9-4483-8DE5-A1F58DB3E5DD}.Release|Any CPU.Build.0 = Release|Any CPU
		{EFB72962-D8E2-4ACF-9618-7EC96F184400}.Debug|Any CPU.ActiveCfg = Debug|Any CPU
		{EFB72962-D8E2-4ACF-9618-7EC96F184400}.Debug|Any CPU.Build.0 = Debug|Any CPU
		{EFB72962-D8E2-4ACF-9618-7EC96F184400}.Release|Any CPU.ActiveCfg = Release|Any CPU
		{EFB72962-D8E2-4ACF-9618-7EC96F184400}.Release|Any CPU.Build.0 = Release|Any CPU
		{03F4D2FA-E56F-4162-8C2F-86E5465072B6}.Debug|Any CPU.ActiveCfg = Debug|Any CPU
		{03F4D2FA-E56F-4162-8C2F-86E5465072B6}.Debug|Any CPU.Build.0 = Debug|Any CPU
		{03F4D2FA-E56F-4162-8C2F-86E5465072B6}.Release|Any CPU.ActiveCfg = Release|Any CPU
		{03F4D2FA-E56F-4162-8C2F-86E5465072B6}.Release|Any CPU.Build.0 = Release|Any CPU
	EndGlobalSection
	GlobalSection(SolutionProperties) = preSolution
		HideSolutionNode = FALSE
	EndGlobalSection
EndGlobal
